
Microsoft Visual Studio Solution File, Format Version 12.00
# Visual Studio Version 17
VisualStudioVersion = 17.3.32825.248
MinimumVisualStudioVersion = 10.0.40219.1
Project("{2150E333-8FDC-42A3-9474-1A3956D46DE8}") = "DataAccessLayers", "DataAccessLayers", "{48F5F68E-F1D3-4897-ABD7-76DF0D99D7FF}"
EndProject
Project("{2150E333-8FDC-42A3-9474-1A3956D46DE8}") = "DB", "DB", "{9C22BF5A-26B8-44BC-AF0A-40224FB793FF}"
EndProject
Project("{2150E333-8FDC-42A3-9474-1A3956D46DE8}") = "SolutionItems", "SolutionItems", "{207294C2-021D-48EE-83CF-4B85A1A24452}"
EndProject
Project("{9A19103F-16F7-4668-BE54-9A1E7A4F7556}") = "Contracts", "Contracts\Contracts.csproj", "{41C94CE6-33C9-4800-A29A-7EBB4BB062C8}"
EndProject
Project("{9A19103F-16F7-4668-BE54-9A1E7A4F7556}") = "Entities", "Entities\Entities.csproj", "{8E0E574A-7A54-4EEE-A81B-28150B463F62}"
EndProject
Project("{9A19103F-16F7-4668-BE54-9A1E7A4F7556}") = "Services", "Services\Services.csproj", "{1651D93F-E9CA-4517-A316-75E9BDF10496}"
EndProject
Project("{9A19103F-16F7-4668-BE54-9A1E7A4F7556}") = "Repository", "Repository\Repository.csproj", "{2773A11B-439A-49FE-A079-D1AFF403E88E}"
EndProject
Project("{9A19103F-16F7-4668-BE54-9A1E7A4F7556}") = "CoreServices", "CoreServices\CoreServices.csproj", "{64F3D2D7-0A2A-40F5-AFC3-6EAC744E7F03}"
EndProject
Project("{9A19103F-16F7-4668-BE54-9A1E7A4F7556}") = "BaseDB", "BaseDB\BaseDB.csproj", "{029D0CFF-DCA7-4A00-ACFB-01F855BEB017}"
EndProject
Project("{9A19103F-16F7-4668-BE54-9A1E7A4F7556}") = "ModelBuilderConfig", "ModelBuilderConfig\ModelBuilderConfig.csproj", "{AC40FF38-9593-4621-A320-B7AE52ACB97A}"
EndProject
Project("{9A19103F-16F7-4668-BE54-9A1E7A4F7556}") = "DAL", "DAL\DAL.csproj", "{FBFFC5BB-A88A-4FAF-AEA8-7D482FE84241}"
EndProject
Project("{9A19103F-16F7-4668-BE54-9A1E7A4F7556}") = "TenantConfiguration", "TenantConfiguration\TenantConfiguration.csproj", "{842F2BF4-9160-46E3-8463-9FC460811416}"
EndProject
Project("{9A19103F-16F7-4668-BE54-9A1E7A4F7556}") = "Live", "Live\Live.csproj", "{3FBEA8C5-0195-41A8-8596-B2C52B81717F}"
EndProject
Project("{9A19103F-16F7-4668-BE54-9A1E7A4F7556}") = "API", "API\API.csproj", "{2972EF0F-370D-4769-9099-E22E382991B0}"
EndProject
Project("{FAE04EC0-301F-11D3-BF4B-00C04F79EFBC}") = "LoggerService", "LoggerService\LoggerService.csproj", "{E0F677B7-70F4-4381-AD2A-BD3B7DF338EA}"
EndProject
Global
	GlobalSection(SolutionConfigurationPlatforms) = preSolution
		Debug|Any CPU = Debug|Any CPU
		Release|Any CPU = Release|Any CPU
	EndGlobalSection
	GlobalSection(ProjectConfigurationPlatforms) = postSolution
		{41C94CE6-33C9-4800-A29A-7EBB4BB062C8}.Debug|Any CPU.ActiveCfg = Debug|Any CPU
		{41C94CE6-33C9-4800-A29A-7EBB4BB062C8}.Debug|Any CPU.Build.0 = Debug|Any CPU
		{41C94CE6-33C9-4800-A29A-7EBB4BB062C8}.Release|Any CPU.ActiveCfg = Release|Any CPU
		{41C94CE6-33C9-4800-A29A-7EBB4BB062C8}.Release|Any CPU.Build.0 = Release|Any CPU
		{8E0E574A-7A54-4EEE-A81B-28150B463F62}.Debug|Any CPU.ActiveCfg = Debug|Any CPU
		{8E0E574A-7A54-4EEE-A81B-28150B463F62}.Debug|Any CPU.Build.0 = Debug|Any CPU
		{8E0E574A-7A54-4EEE-A81B-28150B463F62}.Release|Any CPU.ActiveCfg = Release|Any CPU
		{8E0E574A-7A54-4EEE-A81B-28150B463F62}.Release|Any CPU.Build.0 = Release|Any CPU
		{1651D93F-E9CA-4517-A316-75E9BDF10496}.Debug|Any CPU.ActiveCfg = Debug|Any CPU
		{1651D93F-E9CA-4517-A316-75E9BDF10496}.Debug|Any CPU.Build.0 = Debug|Any CPU
		{1651D93F-E9CA-4517-A316-75E9BDF10496}.Release|Any CPU.ActiveCfg = Release|Any CPU
		{1651D93F-E9CA-4517-A316-75E9BDF10496}.Release|Any CPU.Build.0 = Release|Any CPU
		{2773A11B-439A-49FE-A079-D1AFF403E88E}.Debug|Any CPU.ActiveCfg = Debug|Any CPU
		{2773A11B-439A-49FE-A079-D1AFF403E88E}.Debug|Any CPU.Build.0 = Debug|Any CPU
		{2773A11B-439A-49FE-A079-D1AFF403E88E}.Release|Any CPU.ActiveCfg = Release|Any CPU
		{2773A11B-439A-49FE-A079-D1AFF403E88E}.Release|Any CPU.Build.0 = Release|Any CPU
		{64F3D2D7-0A2A-40F5-AFC3-6EAC744E7F03}.Debug|Any CPU.ActiveCfg = Debug|Any CPU
		{64F3D2D7-0A2A-40F5-AFC3-6EAC744E7F03}.Debug|Any CPU.Build.0 = Debug|Any CPU
		{64F3D2D7-0A2A-40F5-AFC3-6EAC744E7F03}.Release|Any CPU.ActiveCfg = Release|Any CPU
		{64F3D2D7-0A2A-40F5-AFC3-6EAC744E7F03}.Release|Any CPU.Build.0 = Release|Any CPU
		{029D0CFF-DCA7-4A00-ACFB-01F855BEB017}.Debug|Any CPU.ActiveCfg = Debug|Any CPU
		{029D0CFF-DCA7-4A00-ACFB-01F855BEB017}.Debug|Any CPU.Build.0 = Debug|Any CPU
		{029D0CFF-DCA7-4A00-ACFB-01F855BEB017}.Release|Any CPU.ActiveCfg = Release|Any CPU
		{029D0CFF-DCA7-4A00-ACFB-01F855BEB017}.Release|Any CPU.Build.0 = Release|Any CPU
		{AC40FF38-9593-4621-A320-B7AE52ACB97A}.Debug|Any CPU.ActiveCfg = Debug|Any CPU
		{AC40FF38-9593-4621-A320-B7AE52ACB97A}.Debug|Any CPU.Build.0 = Debug|Any CPU
		{AC40FF38-9593-4621-A320-B7AE52ACB97A}.Release|Any CPU.ActiveCfg = Release|Any CPU
		{AC40FF38-9593-4621-A320-B7AE52ACB97A}.Release|Any CPU.Build.0 = Release|Any CPU
		{FBFFC5BB-A88A-4FAF-AEA8-7D482FE84241}.Debug|Any CPU.ActiveCfg = Debug|Any CPU
		{FBFFC5BB-A88A-4FAF-AEA8-7D482FE84241}.Debug|Any CPU.Build.0 = Debug|Any CPU
		{FBFFC5BB-A88A-4FAF-AEA8-7D482FE84241}.Release|Any CPU.ActiveCfg = Release|Any CPU
		{FBFFC5BB-A88A-4FAF-AEA8-7D482FE84241}.Release|Any CPU.Build.0 = Release|Any CPU
		{842F2BF4-9160-46E3-8463-9FC460811416}.Debug|Any CPU.ActiveCfg = Debug|Any CPU
		{842F2BF4-9160-46E3-8463-9FC460811416}.Debug|Any CPU.Build.0 = Debug|Any CPU
		{842F2BF4-9160-46E3-8463-9FC460811416}.Release|Any CPU.ActiveCfg = Release|Any CPU
		{842F2BF4-9160-46E3-8463-9FC460811416}.Release|Any CPU.Build.0 = Release|Any CPU
		{3FBEA8C5-0195-41A8-8596-B2C52B81717F}.Debug|Any CPU.ActiveCfg = Debug|Any CPU
		{3FBEA8C5-0195-41A8-8596-B2C52B81717F}.Debug|Any CPU.Build.0 = Debug|Any CPU
		{3FBEA8C5-0195-41A8-8596-B2C52B81717F}.Release|Any CPU.ActiveCfg = Release|Any CPU
		{3FBEA8C5-0195-41A8-8596-B2C52B81717F}.Release|Any CPU.Build.0 = Release|Any CPU
		{2972EF0F-370D-4769-9099-E22E382991B0}.Debug|Any CPU.ActiveCfg = Debug|Any CPU
		{2972EF0F-370D-4769-9099-E22E382991B0}.Debug|Any CPU.Build.0 = Debug|Any CPU
		{2972EF0F-370D-4769-9099-E22E382991B0}.Release|Any CPU.ActiveCfg = Release|Any CPU
		{2972EF0F-370D-4769-9099-E22E382991B0}.Release|Any CPU.Build.0 = Release|Any CPU
		{E0F677B7-70F4-4381-AD2A-BD3B7DF338EA}.Debug|Any CPU.ActiveCfg = Debug|Any CPU
		{E0F677B7-70F4-4381-AD2A-BD3B7DF338EA}.Debug|Any CPU.Build.0 = Debug|Any CPU
		{E0F677B7-70F4-4381-AD2A-BD3B7DF338EA}.Release|Any CPU.ActiveCfg = Release|Any CPU
		{E0F677B7-70F4-4381-AD2A-BD3B7DF338EA}.Release|Any CPU.Build.0 = Release|Any CPU
	EndGlobalSection
	GlobalSection(SolutionProperties) = preSolution
		HideSolutionNode = FALSE
	EndGlobalSection
	GlobalSection(NestedProjects) = preSolution
		{41C94CE6-33C9-4800-A29A-7EBB4BB062C8} = {207294C2-021D-48EE-83CF-4B85A1A24452}
		{8E0E574A-7A54-4EEE-A81B-28150B463F62} = {207294C2-021D-48EE-83CF-4B85A1A24452}
		{1651D93F-E9CA-4517-A316-75E9BDF10496} = {207294C2-021D-48EE-83CF-4B85A1A24452}
		{2773A11B-439A-49FE-A079-D1AFF403E88E} = {207294C2-021D-48EE-83CF-4B85A1A24452}
		{64F3D2D7-0A2A-40F5-AFC3-6EAC744E7F03} = {207294C2-021D-48EE-83CF-4B85A1A24452}
		{029D0CFF-DCA7-4A00-ACFB-01F855BEB017} = {9C22BF5A-26B8-44BC-AF0A-40224FB793FF}
		{AC40FF38-9593-4621-A320-B7AE52ACB97A} = {9C22BF5A-26B8-44BC-AF0A-40224FB793FF}
		{FBFFC5BB-A88A-4FAF-AEA8-7D482FE84241} = {48F5F68E-F1D3-4897-ABD7-76DF0D99D7FF}
		{3FBEA8C5-0195-41A8-8596-B2C52B81717F} = {48F5F68E-F1D3-4897-ABD7-76DF0D99D7FF}
		{E0F677B7-70F4-4381-AD2A-BD3B7DF338EA} = {207294C2-021D-48EE-83CF-4B85A1A24452}
	EndGlobalSection
	GlobalSection(ExtensibilityGlobals) = postSolution
		SolutionGuid = {020EEC0F-0DAC-4A04-898D-0FAE14A9C9CD}
	EndGlobalSection
EndGlobal
